
Microsoft Visual Studio Solution File, Format Version 12.00
# Visual Studio Version 17
VisualStudioVersion = 17.9.34607.119
MinimumVisualStudioVersion = 10.0.40219.1
Project("{FAE04EC0-301F-11D3-BF4B-00C04F79EFBC}") = "MVCDemoCSharp-45", "MVCDemoCSharp-45\MVCDemoCSharp-45.csproj", "{F60D153E-BB0D-479B-9FCD-5C0946119946}"
EndProject
Global
	GlobalSection(SolutionConfigurationPlatforms) = preSolution
		Debug|Any CPU = Debug|Any CPU
		Release|Any CPU = Release|Any CPU
	EndGlobalSection
	GlobalSection(ProjectConfigurationPlatforms) = postSolution
		{F60D153E-BB0D-479B-9FCD-5C0946119946}.Debug|Any CPU.ActiveCfg = Debug|Any CPU
		{F60D153E-BB0D-479B-9FCD-5C0946119946}.Debug|Any CPU.Build.0 = Debug|Any CPU
		{F60D153E-BB0D-479B-9FCD-5C0946119946}.Release|Any CPU.ActiveCfg = Release|Any CPU
		{F60D153E-BB0D-479B-9FCD-5C0946119946}.Release|Any CPU.Build.0 = Release|Any CPU
	EndGlobalSection
	GlobalSection(SolutionProperties) = preSolution
		HideSolutionNode = FALSE
	EndGlobalSection
	GlobalSection(ExtensibilityGlobals) = postSolution
		SolutionGuid = {1CD3B850-B3D6-48A9-ABC6-592B1FF22E81}
	EndGlobalSection
EndGlobal
